# Code generated by scarb DO NOT EDIT.
version = 1

[[package]]
name = "dojo"
version = "0.3.2"
source = "git+https://github.com/dojoengine/dojo#45fb6af63072d883adfdd10b2e4374635867f5fb"
dependencies = [
 "dojo_plugin",
]

[[package]]
name = "dojo_plugin"
version = "0.3.2"

[[package]]
name = "hegemony"
version = "0.0.1"
dependencies = [
 "dojo",
]
